
Microsoft Visual Studio Solution File, Format Version 12.00
# Visual Studio 15
VisualStudioVersion = 15.0.28307.960
MinimumVisualStudioVersion = 10.0.40219.1
Project("{FAE04EC0-301F-11D3-BF4B-00C04F79EFBC}") = "EncapsulationDiceRollerSample", "EncapsulationDiceRollerSample\EncapsulationDiceRollerSample.csproj", "{65073804-447A-49B0-A0CC-7EF1D24FC4DF}"
EndProject
Global
	GlobalSection(SolutionConfigurationPlatforms) = preSolution
		Debug|Any CPU = Debug|Any CPU
		Release|Any CPU = Release|Any CPU
	EndGlobalSection
	GlobalSection(ProjectConfigurationPlatforms) = postSolution
		{65073804-447A-49B0-A0CC-7EF1D24FC4DF}.Debug|Any CPU.ActiveCfg = Debug|Any CPU
		{65073804-447A-49B0-A0CC-7EF1D24FC4DF}.Debug|Any CPU.Build.0 = Debug|Any CPU
		{65073804-447A-49B0-A0CC-7EF1D24FC4DF}.Release|Any CPU.ActiveCfg = Release|Any CPU
		{65073804-447A-49B0-A0CC-7EF1D24FC4DF}.Release|Any CPU.Build.0 = Release|Any CPU
	EndGlobalSection
	GlobalSection(SolutionProperties) = preSolution
		HideSolutionNode = FALSE
	EndGlobalSection
	GlobalSection(ExtensibilityGlobals) = postSolution
		SolutionGuid = {26A4427A-8D45-4FF3-BDAF-357C081A1F7A}
	EndGlobalSection
EndGlobal
